
Microsoft Visual Studio Solution File, Format Version 12.00
# Visual Studio Version 16
VisualStudioVersion = 16.0.31205.134
MinimumVisualStudioVersion = 10.0.40219.1
Project("{FAE04EC0-301F-11D3-BF4B-00C04F79EFBC}") = "MyEshop", "MyEshop\MyEshop.csproj", "{63D91693-B9BA-4850-B2E5-8483C38D37FB}"
EndProject
Project("{FAE04EC0-301F-11D3-BF4B-00C04F79EFBC}") = "DataLayer", "DataLayer\DataLayer.csproj", "{4EA1BE9F-84FC-424D-A211-588E6AA541B0}"
EndProject
Global
	GlobalSection(SolutionConfigurationPlatforms) = preSolution
		Debug|Any CPU = Debug|Any CPU
		Release|Any CPU = Release|Any CPU
	EndGlobalSection
	GlobalSection(ProjectConfigurationPlatforms) = postSolution
		{63D91693-B9BA-4850-B2E5-8483C38D37FB}.Debug|Any CPU.ActiveCfg = Debug|Any CPU
		{63D91693-B9BA-4850-B2E5-8483C38D37FB}.Debug|Any CPU.Build.0 = Debug|Any CPU
		{63D91693-B9BA-4850-B2E5-8483C38D37FB}.Release|Any CPU.ActiveCfg = Release|Any CPU
		{63D91693-B9BA-4850-B2E5-8483C38D37FB}.Release|Any CPU.Build.0 = Release|Any CPU
		{4EA1BE9F-84FC-424D-A211-588E6AA541B0}.Debug|Any CPU.ActiveCfg = Debug|Any CPU
		{4EA1BE9F-84FC-424D-A211-588E6AA541B0}.Debug|Any CPU.Build.0 = Debug|Any CPU
		{4EA1BE9F-84FC-424D-A211-588E6AA541B0}.Release|Any CPU.ActiveCfg = Release|Any CPU
		{4EA1BE9F-84FC-424D-A211-588E6AA541B0}.Release|Any CPU.Build.0 = Release|Any CPU
	EndGlobalSection
	GlobalSection(SolutionProperties) = preSolution
		HideSolutionNode = FALSE
	EndGlobalSection
	GlobalSection(ExtensibilityGlobals) = postSolution
		SolutionGuid = {E3069AC9-863B-488C-8E8D-74294E4CBAE1}
	EndGlobalSection
EndGlobal
